// !$*UTF8*$!
{
	archiveVersion = 1;
	classes = {
	};
	objectVersion = 46;
	objects = {

/* Begin PBXBuildFile section */
		232874631AAA626A00F48B90 /* main.m in Sources */ = {isa = PBXBuildFile; fileRef = 232874621AAA626A00F48B90 /* main.m */; };
		232874661AAA626A00F48B90 /* AppDelegate.m in Sources */ = {isa = PBXBuildFile; fileRef = 232874651AAA626A00F48B90 /* AppDelegate.m */; };
		2328746E1AAA626A00F48B90 /* Images.xcassets in Resources */ = {isa = PBXBuildFile; fileRef = 2328746D1AAA626A00F48B90 /* Images.xcassets */; };
		232874711AAA626A00F48B90 /* LaunchScreen.xib in Resources */ = {isa = PBXBuildFile; fileRef = 2328746F1AAA626A00F48B90 /* LaunchScreen.xib */; };
		2328747D1AAA626A00F48B90 /* JarAppTests.m in Sources */ = {isa = PBXBuildFile; fileRef = 2328747C1AAA626A00F48B90 /* JarAppTests.m */; };
		232874881AAA6A1B00F48B90 /* ShelfViewController.m in Sources */ = {isa = PBXBuildFile; fileRef = 232874871AAA6A1B00F48B90 /* ShelfViewController.m */; };
		2328748B1AAA6C8700F48B90 /* NewJarViewController.m in Sources */ = {isa = PBXBuildFile; fileRef = 2328748A1AAA6C8700F48B90 /* NewJarViewController.m */; };
		2328748E1AAA6DD300F48B90 /* ShelfCollectionViewDataSource.m in Sources */ = {isa = PBXBuildFile; fileRef = 2328748D1AAA6DD300F48B90 /* ShelfCollectionViewDataSource.m */; };
		232874911AAA765300F48B90 /* ShelfCollectionViewCell.m in Sources */ = {isa = PBXBuildFile; fileRef = 232874901AAA765300F48B90 /* ShelfCollectionViewCell.m */; };
		232874941AAA790C00F48B90 /* JarViewController.m in Sources */ = {isa = PBXBuildFile; fileRef = 232874931AAA790C00F48B90 /* JarViewController.m */; };
		232874971AAA793D00F48B90 /* FineViewController.m in Sources */ = {isa = PBXBuildFile; fileRef = 232874961AAA793D00F48B90 /* FineViewController.m */; };
		2328749A1AAA79A500F48B90 /* JarTableViewDataSource.m in Sources */ = {isa = PBXBuildFile; fileRef = 232874991AAA79A500F48B90 /* JarTableViewDataSource.m */; };
		2328749D1AAA7A6300F48B90 /* JarTableViewCell.m in Sources */ = {isa = PBXBuildFile; fileRef = 2328749C1AAA7A6300F48B90 /* JarTableViewCell.m */; };
		232874A51AAB874100F48B90 /* AddFineViewController.m in Sources */ = {isa = PBXBuildFile; fileRef = 232874A41AAB874100F48B90 /* AddFineViewController.m */; };
		83061A0B1AB4BE8D0008BE27 /* JarLoginViewController.m in Sources */ = {isa = PBXBuildFile; fileRef = 83061A0A1AB4BE8D0008BE27 /* JarLoginViewController.m */; };
		83061A0E1AB4BF8A0008BE27 /* JarSignUpViewController.m in Sources */ = {isa = PBXBuildFile; fileRef = 83061A0D1AB4BF8A0008BE27 /* JarSignUpViewController.m */; };
		832910541AB6359F005D5208 /* CustomLoginViewController.m in Sources */ = {isa = PBXBuildFile; fileRef = 832910531AB6359F005D5208 /* CustomLoginViewController.m */; };
		832910571AB6395E005D5208 /* CustomSignUpViewController.m in Sources */ = {isa = PBXBuildFile; fileRef = 832910561AB6395E005D5208 /* CustomSignUpViewController.m */; };
		8329105B1AB63F66005D5208 /* Main.storyboard in Resources */ = {isa = PBXBuildFile; fileRef = 832910591AB63F66005D5208 /* Main.storyboard */; };
		832C6C3E1AAF9B5B002331C0 /* Jar.m in Sources */ = {isa = PBXBuildFile; fileRef = 832C6C3D1AAF9B5B002331C0 /* Jar.m */; };
		832C6C431AAFD9A3002331C0 /* ASValuePopUpView.m in Sources */ = {isa = PBXBuildFile; fileRef = 832C6C401AAFD9A3002331C0 /* ASValuePopUpView.m */; };
		832C6C441AAFD9A3002331C0 /* ASValueTrackingSlider.m in Sources */ = {isa = PBXBuildFile; fileRef = 832C6C421AAFD9A3002331C0 /* ASValueTrackingSlider.m */; };
		83877FB51AAB9DB600B0CED7 /* Bolts.framework in Frameworks */ = {isa = PBXBuildFile; fileRef = 83877FB31AAB9DB600B0CED7 /* Bolts.framework */; };
		83877FB81AAB9E1D00B0CED7 /* AudioToolbox.framework in Frameworks */ = {isa = PBXBuildFile; fileRef = 83877FB71AAB9E1D00B0CED7 /* AudioToolbox.framework */; };
		83877FBA1AAB9E2600B0CED7 /* CFNetwork.framework in Frameworks */ = {isa = PBXBuildFile; fileRef = 83877FB91AAB9E2600B0CED7 /* CFNetwork.framework */; };
		83877FBC1AAB9E3100B0CED7 /* CoreGraphics.framework in Frameworks */ = {isa = PBXBuildFile; fileRef = 83877FBB1AAB9E3100B0CED7 /* CoreGraphics.framework */; };
		83877FBE1AAB9E3B00B0CED7 /* CoreLocation.framework in Frameworks */ = {isa = PBXBuildFile; fileRef = 83877FBD1AAB9E3B00B0CED7 /* CoreLocation.framework */; };
		83877FC01AAB9E4400B0CED7 /* MobileCoreServices.framework in Frameworks */ = {isa = PBXBuildFile; fileRef = 83877FBF1AAB9E4400B0CED7 /* MobileCoreServices.framework */; };
		83877FC21AAB9E4C00B0CED7 /* QuartzCore.framework in Frameworks */ = {isa = PBXBuildFile; fileRef = 83877FC11AAB9E4C00B0CED7 /* QuartzCore.framework */; };
		83877FC41AAB9E5500B0CED7 /* Security.framework in Frameworks */ = {isa = PBXBuildFile; fileRef = 83877FC31AAB9E5500B0CED7 /* Security.framework */; };
		83877FC61AAB9E5E00B0CED7 /* StoreKit.framework in Frameworks */ = {isa = PBXBuildFile; fileRef = 83877FC51AAB9E5E00B0CED7 /* StoreKit.framework */; };
		83877FC81AAB9E6800B0CED7 /* SystemConfiguration.framework in Frameworks */ = {isa = PBXBuildFile; fileRef = 83877FC71AAB9E6800B0CED7 /* SystemConfiguration.framework */; };
		83877FCA1AAB9E8C00B0CED7 /* libz.dylib in Frameworks */ = {isa = PBXBuildFile; fileRef = 83877FC91AAB9E8C00B0CED7 /* libz.dylib */; };
		83877FCC1AAB9EA100B0CED7 /* libsqlite3.dylib in Frameworks */ = {isa = PBXBuildFile; fileRef = 83877FCB1AAB9EA100B0CED7 /* libsqlite3.dylib */; };
		83877FD21AABA8CC00B0CED7 /* UIKit.framework in Frameworks */ = {isa = PBXBuildFile; fileRef = 83877FD11AABA8CC00B0CED7 /* UIKit.framework */; };
		83877FD41AABA8EC00B0CED7 /* Social.framework in Frameworks */ = {isa = PBXBuildFile; fileRef = 83877FD31AABA8EC00B0CED7 /* Social.framework */; };
		83877FD61AABA91A00B0CED7 /* Foundation.framework in Frameworks */ = {isa = PBXBuildFile; fileRef = 83877FD51AABA91A00B0CED7 /* Foundation.framework */; };
		83877FD81AABA96600B0CED7 /* Accounts.framework in Frameworks */ = {isa = PBXBuildFile; fileRef = 83877FD71AABA96600B0CED7 /* Accounts.framework */; };
		83877FDC1AABAA1900B0CED7 /* FacebookSDK.framework in Frameworks */ = {isa = PBXBuildFile; fileRef = 83877FDB1AABAA1900B0CED7 /* FacebookSDK.framework */; };
		83877FE51AABB06A00B0CED7 /* ParseUI.framework in Frameworks */ = {isa = PBXBuildFile; fileRef = 83877FE31AABB06A00B0CED7 /* ParseUI.framework */; };
		838780351AAF40BE00B0CED7 /* Fine.m in Sources */ = {isa = PBXBuildFile; fileRef = 838780341AAF40BE00B0CED7 /* Fine.m */; };
		8387803B1AAF445C00B0CED7 /* Parse.framework in Frameworks */ = {isa = PBXBuildFile; fileRef = 8387803A1AAF445C00B0CED7 /* Parse.framework */; };
		83CDF5711AB2294A000A90E3 /* Parse.framework in Frameworks */ = {isa = PBXBuildFile; fileRef = 83CDF5701AB2294A000A90E3 /* Parse.framework */; };
		83CDF5741AB2316A000A90E3 /* JarController.m in Sources */ = {isa = PBXBuildFile; fileRef = 83CDF5731AB2316A000A90E3 /* JarController.m */; };
		83CDF5771AB2381C000A90E3 /* FineController.m in Sources */ = {isa = PBXBuildFile; fileRef = 83CDF5761AB2381C000A90E3 /* FineController.m */; };
/* End PBXBuildFile section */

/* Begin PBXContainerItemProxy section */
		232874771AAA626A00F48B90 /* PBXContainerItemProxy */ = {
			isa = PBXContainerItemProxy;
			containerPortal = 232874551AAA626900F48B90 /* Project object */;
			proxyType = 1;
			remoteGlobalIDString = 2328745C1AAA626900F48B90;
			remoteInfo = JarApp;
		};
/* End PBXContainerItemProxy section */

/* Begin PBXFileReference section */
		2328745D1AAA626900F48B90 /* JarApp.app */ = {isa = PBXFileReference; explicitFileType = wrapper.application; includeInIndex = 0; path = JarApp.app; sourceTree = BUILT_PRODUCTS_DIR; };
		232874611AAA626A00F48B90 /* Info.plist */ = {isa = PBXFileReference; lastKnownFileType = text.plist.xml; path = Info.plist; sourceTree = "<group>"; };
		232874621AAA626A00F48B90 /* main.m */ = {isa = PBXFileReference; lastKnownFileType = sourcecode.c.objc; path = main.m; sourceTree = "<group>"; };
		232874641AAA626A00F48B90 /* AppDelegate.h */ = {isa = PBXFileReference; lastKnownFileType = sourcecode.c.h; path = AppDelegate.h; sourceTree = "<group>"; };
		232874651AAA626A00F48B90 /* AppDelegate.m */ = {isa = PBXFileReference; lastKnownFileType = sourcecode.c.objc; path = AppDelegate.m; sourceTree = "<group>"; };
		2328746D1AAA626A00F48B90 /* Images.xcassets */ = {isa = PBXFileReference; lastKnownFileType = folder.assetcatalog; path = Images.xcassets; sourceTree = "<group>"; };
		232874701AAA626A00F48B90 /* Base */ = {isa = PBXFileReference; lastKnownFileType = file.xib; name = Base; path = Base.lproj/LaunchScreen.xib; sourceTree = "<group>"; };
		232874761AAA626A00F48B90 /* JarAppTests.xctest */ = {isa = PBXFileReference; explicitFileType = wrapper.cfbundle; includeInIndex = 0; path = JarAppTests.xctest; sourceTree = BUILT_PRODUCTS_DIR; };
		2328747B1AAA626A00F48B90 /* Info.plist */ = {isa = PBXFileReference; lastKnownFileType = text.plist.xml; path = Info.plist; sourceTree = "<group>"; };
		2328747C1AAA626A00F48B90 /* JarAppTests.m */ = {isa = PBXFileReference; lastKnownFileType = sourcecode.c.objc; path = JarAppTests.m; sourceTree = "<group>"; };
		232874861AAA6A1B00F48B90 /* ShelfViewController.h */ = {isa = PBXFileReference; fileEncoding = 4; lastKnownFileType = sourcecode.c.h; path = ShelfViewController.h; sourceTree = "<group>"; };
		232874871AAA6A1B00F48B90 /* ShelfViewController.m */ = {isa = PBXFileReference; fileEncoding = 4; lastKnownFileType = sourcecode.c.objc; path = ShelfViewController.m; sourceTree = "<group>"; };
		232874891AAA6C8700F48B90 /* NewJarViewController.h */ = {isa = PBXFileReference; fileEncoding = 4; lastKnownFileType = sourcecode.c.h; path = NewJarViewController.h; sourceTree = "<group>"; };
		2328748A1AAA6C8700F48B90 /* NewJarViewController.m */ = {isa = PBXFileReference; fileEncoding = 4; lastKnownFileType = sourcecode.c.objc; path = NewJarViewController.m; sourceTree = "<group>"; };
		2328748C1AAA6DD300F48B90 /* ShelfCollectionViewDataSource.h */ = {isa = PBXFileReference; fileEncoding = 4; lastKnownFileType = sourcecode.c.h; path = ShelfCollectionViewDataSource.h; sourceTree = "<group>"; };
		2328748D1AAA6DD300F48B90 /* ShelfCollectionViewDataSource.m */ = {isa = PBXFileReference; fileEncoding = 4; lastKnownFileType = sourcecode.c.objc; path = ShelfCollectionViewDataSource.m; sourceTree = "<group>"; };
		2328748F1AAA765300F48B90 /* ShelfCollectionViewCell.h */ = {isa = PBXFileReference; fileEncoding = 4; lastKnownFileType = sourcecode.c.h; path = ShelfCollectionViewCell.h; sourceTree = "<group>"; };
		232874901AAA765300F48B90 /* ShelfCollectionViewCell.m */ = {isa = PBXFileReference; fileEncoding = 4; lastKnownFileType = sourcecode.c.objc; path = ShelfCollectionViewCell.m; sourceTree = "<group>"; };
		232874921AAA790C00F48B90 /* JarViewController.h */ = {isa = PBXFileReference; fileEncoding = 4; lastKnownFileType = sourcecode.c.h; path = JarViewController.h; sourceTree = "<group>"; };
		232874931AAA790C00F48B90 /* JarViewController.m */ = {isa = PBXFileReference; fileEncoding = 4; lastKnownFileType = sourcecode.c.objc; path = JarViewController.m; sourceTree = "<group>"; };
		232874951AAA793D00F48B90 /* FineViewController.h */ = {isa = PBXFileReference; fileEncoding = 4; lastKnownFileType = sourcecode.c.h; path = FineViewController.h; sourceTree = "<group>"; };
		232874961AAA793D00F48B90 /* FineViewController.m */ = {isa = PBXFileReference; fileEncoding = 4; lastKnownFileType = sourcecode.c.objc; path = FineViewController.m; sourceTree = "<group>"; };
		232874981AAA79A500F48B90 /* JarTableViewDataSource.h */ = {isa = PBXFileReference; fileEncoding = 4; lastKnownFileType = sourcecode.c.h; path = JarTableViewDataSource.h; sourceTree = "<group>"; };
		232874991AAA79A500F48B90 /* JarTableViewDataSource.m */ = {isa = PBXFileReference; fileEncoding = 4; lastKnownFileType = sourcecode.c.objc; path = JarTableViewDataSource.m; sourceTree = "<group>"; };
		2328749B1AAA7A6300F48B90 /* JarTableViewCell.h */ = {isa = PBXFileReference; fileEncoding = 4; lastKnownFileType = sourcecode.c.h; path = JarTableViewCell.h; sourceTree = "<group>"; };
		2328749C1AAA7A6300F48B90 /* JarTableViewCell.m */ = {isa = PBXFileReference; fileEncoding = 4; lastKnownFileType = sourcecode.c.objc; path = JarTableViewCell.m; sourceTree = "<group>"; };
		232874A31AAB874100F48B90 /* AddFineViewController.h */ = {isa = PBXFileReference; fileEncoding = 4; lastKnownFileType = sourcecode.c.h; path = AddFineViewController.h; sourceTree = "<group>"; };
		232874A41AAB874100F48B90 /* AddFineViewController.m */ = {isa = PBXFileReference; fileEncoding = 4; lastKnownFileType = sourcecode.c.objc; path = AddFineViewController.m; sourceTree = "<group>"; };
		83061A091AB4BE8D0008BE27 /* JarLoginViewController.h */ = {isa = PBXFileReference; fileEncoding = 4; lastKnownFileType = sourcecode.c.h; path = JarLoginViewController.h; sourceTree = "<group>"; };
		83061A0A1AB4BE8D0008BE27 /* JarLoginViewController.m */ = {isa = PBXFileReference; fileEncoding = 4; lastKnownFileType = sourcecode.c.objc; path = JarLoginViewController.m; sourceTree = "<group>"; };
		83061A0C1AB4BF8A0008BE27 /* JarSignUpViewController.h */ = {isa = PBXFileReference; fileEncoding = 4; lastKnownFileType = sourcecode.c.h; path = JarSignUpViewController.h; sourceTree = "<group>"; };
		83061A0D1AB4BF8A0008BE27 /* JarSignUpViewController.m */ = {isa = PBXFileReference; fileEncoding = 4; lastKnownFileType = sourcecode.c.objc; path = JarSignUpViewController.m; sourceTree = "<group>"; };
		832910521AB6359F005D5208 /* CustomLoginViewController.h */ = {isa = PBXFileReference; fileEncoding = 4; lastKnownFileType = sourcecode.c.h; path = CustomLoginViewController.h; sourceTree = "<group>"; };
		832910531AB6359F005D5208 /* CustomLoginViewController.m */ = {isa = PBXFileReference; fileEncoding = 4; lastKnownFileType = sourcecode.c.objc; path = CustomLoginViewController.m; sourceTree = "<group>"; };
		832910551AB6395E005D5208 /* CustomSignUpViewController.h */ = {isa = PBXFileReference; fileEncoding = 4; lastKnownFileType = sourcecode.c.h; path = CustomSignUpViewController.h; sourceTree = "<group>"; };
		832910561AB6395E005D5208 /* CustomSignUpViewController.m */ = {isa = PBXFileReference; fileEncoding = 4; lastKnownFileType = sourcecode.c.objc; path = CustomSignUpViewController.m; sourceTree = "<group>"; };
		8329105A1AB63F66005D5208 /* Base */ = {isa = PBXFileReference; lastKnownFileType = file.storyboard; name = Base; path = Base.lproj/Main.storyboard; sourceTree = "<group>"; };
		832C6C3C1AAF9B5A002331C0 /* Jar.h */ = {isa = PBXFileReference; fileEncoding = 4; lastKnownFileType = sourcecode.c.h; path = Jar.h; sourceTree = "<group>"; };
		832C6C3D1AAF9B5B002331C0 /* Jar.m */ = {isa = PBXFileReference; fileEncoding = 4; lastKnownFileType = sourcecode.c.objc; path = Jar.m; sourceTree = "<group>"; };
		832C6C3F1AAFD9A3002331C0 /* ASValuePopUpView.h */ = {isa = PBXFileReference; fileEncoding = 4; lastKnownFileType = sourcecode.c.h; path = ASValuePopUpView.h; sourceTree = "<group>"; };
		832C6C401AAFD9A3002331C0 /* ASValuePopUpView.m */ = {isa = PBXFileReference; fileEncoding = 4; lastKnownFileType = sourcecode.c.objc; path = ASValuePopUpView.m; sourceTree = "<group>"; };
		832C6C411AAFD9A3002331C0 /* ASValueTrackingSlider.h */ = {isa = PBXFileReference; fileEncoding = 4; lastKnownFileType = sourcecode.c.h; path = ASValueTrackingSlider.h; sourceTree = "<group>"; };
		832C6C421AAFD9A3002331C0 /* ASValueTrackingSlider.m */ = {isa = PBXFileReference; fileEncoding = 4; lastKnownFileType = sourcecode.c.objc; path = ASValueTrackingSlider.m; sourceTree = "<group>"; };
		83877FB31AAB9DB600B0CED7 /* Bolts.framework */ = {isa = PBXFileReference; lastKnownFileType = wrapper.framework; path = Bolts.framework; sourceTree = "<group>"; };
		83877FB71AAB9E1D00B0CED7 /* AudioToolbox.framework */ = {isa = PBXFileReference; lastKnownFileType = wrapper.framework; name = AudioToolbox.framework; path = System/Library/Frameworks/AudioToolbox.framework; sourceTree = SDKROOT; };
		83877FB91AAB9E2600B0CED7 /* CFNetwork.framework */ = {isa = PBXFileReference; lastKnownFileType = wrapper.framework; name = CFNetwork.framework; path = System/Library/Frameworks/CFNetwork.framework; sourceTree = SDKROOT; };
		83877FBB1AAB9E3100B0CED7 /* CoreGraphics.framework */ = {isa = PBXFileReference; lastKnownFileType = wrapper.framework; name = CoreGraphics.framework; path = System/Library/Frameworks/CoreGraphics.framework; sourceTree = SDKROOT; };
		83877FBD1AAB9E3B00B0CED7 /* CoreLocation.framework */ = {isa = PBXFileReference; lastKnownFileType = wrapper.framework; name = CoreLocation.framework; path = System/Library/Frameworks/CoreLocation.framework; sourceTree = SDKROOT; };
		83877FBF1AAB9E4400B0CED7 /* MobileCoreServices.framework */ = {isa = PBXFileReference; lastKnownFileType = wrapper.framework; name = MobileCoreServices.framework; path = System/Library/Frameworks/MobileCoreServices.framework; sourceTree = SDKROOT; };
		83877FC11AAB9E4C00B0CED7 /* QuartzCore.framework */ = {isa = PBXFileReference; lastKnownFileType = wrapper.framework; name = QuartzCore.framework; path = System/Library/Frameworks/QuartzCore.framework; sourceTree = SDKROOT; };
		83877FC31AAB9E5500B0CED7 /* Security.framework */ = {isa = PBXFileReference; lastKnownFileType = wrapper.framework; name = Security.framework; path = System/Library/Frameworks/Security.framework; sourceTree = SDKROOT; };
		83877FC51AAB9E5E00B0CED7 /* StoreKit.framework */ = {isa = PBXFileReference; lastKnownFileType = wrapper.framework; name = StoreKit.framework; path = System/Library/Frameworks/StoreKit.framework; sourceTree = SDKROOT; };
		83877FC71AAB9E6800B0CED7 /* SystemConfiguration.framework */ = {isa = PBXFileReference; lastKnownFileType = wrapper.framework; name = SystemConfiguration.framework; path = System/Library/Frameworks/SystemConfiguration.framework; sourceTree = SDKROOT; };
		83877FC91AAB9E8C00B0CED7 /* libz.dylib */ = {isa = PBXFileReference; lastKnownFileType = "compiled.mach-o.dylib"; name = libz.dylib; path = usr/lib/libz.dylib; sourceTree = SDKROOT; };
		83877FCB1AAB9EA100B0CED7 /* libsqlite3.dylib */ = {isa = PBXFileReference; lastKnownFileType = "compiled.mach-o.dylib"; name = libsqlite3.dylib; path = usr/lib/libsqlite3.dylib; sourceTree = SDKROOT; };
		83877FD11AABA8CC00B0CED7 /* UIKit.framework */ = {isa = PBXFileReference; lastKnownFileType = wrapper.framework; name = UIKit.framework; path = System/Library/Frameworks/UIKit.framework; sourceTree = SDKROOT; };
		83877FD31AABA8EC00B0CED7 /* Social.framework */ = {isa = PBXFileReference; lastKnownFileType = wrapper.framework; name = Social.framework; path = System/Library/Frameworks/Social.framework; sourceTree = SDKROOT; };
		83877FD51AABA91A00B0CED7 /* Foundation.framework */ = {isa = PBXFileReference; lastKnownFileType = wrapper.framework; name = Foundation.framework; path = System/Library/Frameworks/Foundation.framework; sourceTree = SDKROOT; };
		83877FD71AABA96600B0CED7 /* Accounts.framework */ = {isa = PBXFileReference; lastKnownFileType = wrapper.framework; name = Accounts.framework; path = System/Library/Frameworks/Accounts.framework; sourceTree = SDKROOT; };
		83877FDB1AABAA1900B0CED7 /* FacebookSDK.framework */ = {isa = PBXFileReference; lastKnownFileType = wrapper.framework; path = FacebookSDK.framework; sourceTree = "<group>"; };
		83877FE31AABB06A00B0CED7 /* ParseUI.framework */ = {isa = PBXFileReference; lastKnownFileType = wrapper.framework; path = ParseUI.framework; sourceTree = "<group>"; };
		83877FE61AABB0F400B0CED7 /* LogInAndSignUpDemo-Prefix.pch */ = {isa = PBXFileReference; lastKnownFileType = sourcecode.c.h; path = "LogInAndSignUpDemo-Prefix.pch"; sourceTree = "<group>"; };
		838780331AAF40BE00B0CED7 /* Fine.h */ = {isa = PBXFileReference; fileEncoding = 4; lastKnownFileType = sourcecode.c.h; path = Fine.h; sourceTree = "<group>"; };
		838780341AAF40BE00B0CED7 /* Fine.m */ = {isa = PBXFileReference; fileEncoding = 4; lastKnownFileType = sourcecode.c.objc; path = Fine.m; sourceTree = "<group>"; };
		8387803A1AAF445C00B0CED7 /* Parse.framework */ = {isa = PBXFileReference; lastKnownFileType = wrapper.framework; path = Parse.framework; sourceTree = "<group>"; };
		83CDF5701AB2294A000A90E3 /* Parse.framework */ = {isa = PBXFileReference; lastKnownFileType = wrapper.framework; path = Parse.framework; sourceTree = "<group>"; };
		83CDF5721AB2316A000A90E3 /* JarController.h */ = {isa = PBXFileReference; fileEncoding = 4; lastKnownFileType = sourcecode.c.h; path = JarController.h; sourceTree = "<group>"; };
		83CDF5731AB2316A000A90E3 /* JarController.m */ = {isa = PBXFileReference; fileEncoding = 4; lastKnownFileType = sourcecode.c.objc; path = JarController.m; sourceTree = "<group>"; };
		83CDF5751AB2381C000A90E3 /* FineController.h */ = {isa = PBXFileReference; fileEncoding = 4; lastKnownFileType = sourcecode.c.h; path = FineController.h; sourceTree = "<group>"; };
		83CDF5761AB2381C000A90E3 /* FineController.m */ = {isa = PBXFileReference; fileEncoding = 4; lastKnownFileType = sourcecode.c.objc; path = FineController.m; sourceTree = "<group>"; };
/* End PBXFileReference section */

/* Begin PBXFrameworksBuildPhase section */
		2328745A1AAA626900F48B90 /* Frameworks */ = {
			isa = PBXFrameworksBuildPhase;
			buildActionMask = 2147483647;
			files = (
				83877FD81AABA96600B0CED7 /* Accounts.framework in Frameworks */,
				83877FB81AAB9E1D00B0CED7 /* AudioToolbox.framework in Frameworks */,
				83877FD61AABA91A00B0CED7 /* Foundation.framework in Frameworks */,
				83877FD41AABA8EC00B0CED7 /* Social.framework in Frameworks */,
				83877FD21AABA8CC00B0CED7 /* UIKit.framework in Frameworks */,
				83877FDC1AABAA1900B0CED7 /* FacebookSDK.framework in Frameworks */,
				83877FCC1AAB9EA100B0CED7 /* libsqlite3.dylib in Frameworks */,
				83877FCA1AAB9E8C00B0CED7 /* libz.dylib in Frameworks */,
				83877FC81AAB9E6800B0CED7 /* SystemConfiguration.framework in Frameworks */,
				83877FC61AAB9E5E00B0CED7 /* StoreKit.framework in Frameworks */,
				83877FE51AABB06A00B0CED7 /* ParseUI.framework in Frameworks */,
				83877FC41AAB9E5500B0CED7 /* Security.framework in Frameworks */,
				83877FC21AAB9E4C00B0CED7 /* QuartzCore.framework in Frameworks */,
				8387803B1AAF445C00B0CED7 /* Parse.framework in Frameworks */,
				83CDF5711AB2294A000A90E3 /* Parse.framework in Frameworks */,
				83877FC01AAB9E4400B0CED7 /* MobileCoreServices.framework in Frameworks */,
				83877FBE1AAB9E3B00B0CED7 /* CoreLocation.framework in Frameworks */,
				83877FBC1AAB9E3100B0CED7 /* CoreGraphics.framework in Frameworks */,
				83877FBA1AAB9E2600B0CED7 /* CFNetwork.framework in Frameworks */,
				83877FB51AAB9DB600B0CED7 /* Bolts.framework in Frameworks */,
			);
			runOnlyForDeploymentPostprocessing = 0;
		};
		232874731AAA626A00F48B90 /* Frameworks */ = {
			isa = PBXFrameworksBuildPhase;
			buildActionMask = 2147483647;
			files = (
			);
			runOnlyForDeploymentPostprocessing = 0;
		};
/* End PBXFrameworksBuildPhase section */

/* Begin PBXGroup section */
		232874541AAA626900F48B90 = {
			isa = PBXGroup;
			children = (
				2328745F1AAA626900F48B90 /* JarApp */,
				232874791AAA626A00F48B90 /* JarAppTests */,
				2328745E1AAA626900F48B90 /* Products */,
			);
			sourceTree = "<group>";
		};
		2328745E1AAA626900F48B90 /* Products */ = {
			isa = PBXGroup;
			children = (
				2328745D1AAA626900F48B90 /* JarApp.app */,
				232874761AAA626A00F48B90 /* JarAppTests.xctest */,
			);
			name = Products;
			sourceTree = "<group>";
		};
		2328745F1AAA626900F48B90 /* JarApp */ = {
			isa = PBXGroup;
			children = (
				232874641AAA626A00F48B90 /* AppDelegate.h */,
				232874651AAA626A00F48B90 /* AppDelegate.m */,
				832C6C3B1AAF9B37002331C0 /* New Group */,
				8387801C1AAE00BE00B0CED7 /* Login */,
				2328749E1AAA7B3000F48B90 /* Shelf */,
				2328749F1AAA7B3E00F48B90 /* Jar */,
				832C6C451AB09D47002331C0 /* Slider */,
				232874601AAA626900F48B90 /* Supporting Files */,
				83877FD01AABA73000B0CED7 /* Frameworks */,
			);
			path = JarApp;
			sourceTree = "<group>";
		};
		232874601AAA626900F48B90 /* Supporting Files */ = {
			isa = PBXGroup;
			children = (
				2328746D1AAA626A00F48B90 /* Images.xcassets */,
				2328746F1AAA626A00F48B90 /* LaunchScreen.xib */,
				83877FE61AABB0F400B0CED7 /* LogInAndSignUpDemo-Prefix.pch */,
				232874611AAA626A00F48B90 /* Info.plist */,
				232874621AAA626A00F48B90 /* main.m */,
			);
			name = "Supporting Files";
			sourceTree = "<group>";
		};
		232874791AAA626A00F48B90 /* JarAppTests */ = {
			isa = PBXGroup;
			children = (
				2328747C1AAA626A00F48B90 /* JarAppTests.m */,
				2328747A1AAA626A00F48B90 /* Supporting Files */,
			);
			path = JarAppTests;
			sourceTree = "<group>";
		};
		2328747A1AAA626A00F48B90 /* Supporting Files */ = {
			isa = PBXGroup;
			children = (
				2328747B1AAA626A00F48B90 /* Info.plist */,
			);
			name = "Supporting Files";
			sourceTree = "<group>";
		};
		2328749E1AAA7B3000F48B90 /* Shelf */ = {
			isa = PBXGroup;
			children = (
				232874861AAA6A1B00F48B90 /* ShelfViewController.h */,
				232874871AAA6A1B00F48B90 /* ShelfViewController.m */,
				2328748C1AAA6DD300F48B90 /* ShelfCollectionViewDataSource.h */,
				2328748D1AAA6DD300F48B90 /* ShelfCollectionViewDataSource.m */,
				232874891AAA6C8700F48B90 /* NewJarViewController.h */,
				2328748A1AAA6C8700F48B90 /* NewJarViewController.m */,
				2328748F1AAA765300F48B90 /* ShelfCollectionViewCell.h */,
				232874901AAA765300F48B90 /* ShelfCollectionViewCell.m */,
				832910591AB63F66005D5208 /* Main.storyboard */,
			);
			name = Shelf;
			sourceTree = "<group>";
		};
		2328749F1AAA7B3E00F48B90 /* Jar */ = {
			isa = PBXGroup;
			children = (
				232874921AAA790C00F48B90 /* JarViewController.h */,
				232874931AAA790C00F48B90 /* JarViewController.m */,
				2328749B1AAA7A6300F48B90 /* JarTableViewCell.h */,
				2328749C1AAA7A6300F48B90 /* JarTableViewCell.m */,
				232874981AAA79A500F48B90 /* JarTableViewDataSource.h */,
				232874991AAA79A500F48B90 /* JarTableViewDataSource.m */,
				232874951AAA793D00F48B90 /* FineViewController.h */,
				232874961AAA793D00F48B90 /* FineViewController.m */,
				232874A31AAB874100F48B90 /* AddFineViewController.h */,
				232874A41AAB874100F48B90 /* AddFineViewController.m */,
			);
			name = Jar;
			sourceTree = "<group>";
		};
		832910581AB63966005D5208 /* Custom Login */ = {
			isa = PBXGroup;
			children = (
				832910521AB6359F005D5208 /* CustomLoginViewController.h */,
				832910531AB6359F005D5208 /* CustomLoginViewController.m */,
				832910551AB6395E005D5208 /* CustomSignUpViewController.h */,
				832910561AB6395E005D5208 /* CustomSignUpViewController.m */,
			);
			name = "Custom Login";
			sourceTree = "<group>";
		};
		832C6C3B1AAF9B37002331C0 /* New Group */ = {
			isa = PBXGroup;
			children = (
				838780331AAF40BE00B0CED7 /* Fine.h */,
				838780341AAF40BE00B0CED7 /* Fine.m */,
				832C6C3C1AAF9B5A002331C0 /* Jar.h */,
				832C6C3D1AAF9B5B002331C0 /* Jar.m */,
				83CDF5721AB2316A000A90E3 /* JarController.h */,
				83CDF5731AB2316A000A90E3 /* JarController.m */,
				83CDF5751AB2381C000A90E3 /* FineController.h */,
				83CDF5761AB2381C000A90E3 /* FineController.m */,
			);
			name = "New Group";
			sourceTree = "<group>";
		};
		832C6C451AB09D47002331C0 /* Slider */ = {
			isa = PBXGroup;
			children = (
				832C6C3F1AAFD9A3002331C0 /* ASValuePopUpView.h */,
				832C6C401AAFD9A3002331C0 /* ASValuePopUpView.m */,
				832C6C411AAFD9A3002331C0 /* ASValueTrackingSlider.h */,
				832C6C421AAFD9A3002331C0 /* ASValueTrackingSlider.m */,
			);
			name = Slider;
			sourceTree = "<group>";
		};
		83877FD01AABA73000B0CED7 /* Frameworks */ = {
			isa = PBXGroup;
			children = (
				8387803A1AAF445C00B0CED7 /* Parse.framework */,
				83CDF5701AB2294A000A90E3 /* Parse.framework */,
				83877FE31AABB06A00B0CED7 /* ParseUI.framework */,
				83877FDB1AABAA1900B0CED7 /* FacebookSDK.framework */,
				83877FD71AABA96600B0CED7 /* Accounts.framework */,
				83877FD51AABA91A00B0CED7 /* Foundation.framework */,
				83877FD31AABA8EC00B0CED7 /* Social.framework */,
				83877FD11AABA8CC00B0CED7 /* UIKit.framework */,
				83877FCB1AAB9EA100B0CED7 /* libsqlite3.dylib */,
				83877FC91AAB9E8C00B0CED7 /* libz.dylib */,
				83877FC71AAB9E6800B0CED7 /* SystemConfiguration.framework */,
				83877FC51AAB9E5E00B0CED7 /* StoreKit.framework */,
				83877FC31AAB9E5500B0CED7 /* Security.framework */,
				83877FC11AAB9E4C00B0CED7 /* QuartzCore.framework */,
				83877FBF1AAB9E4400B0CED7 /* MobileCoreServices.framework */,
				83877FBD1AAB9E3B00B0CED7 /* CoreLocation.framework */,
				83877FBB1AAB9E3100B0CED7 /* CoreGraphics.framework */,
				83877FB91AAB9E2600B0CED7 /* CFNetwork.framework */,
				83877FB71AAB9E1D00B0CED7 /* AudioToolbox.framework */,
				83877FB31AAB9DB600B0CED7 /* Bolts.framework */,
			);
			name = Frameworks;
			path = ..;
			sourceTree = "<group>";
		};
		8387801C1AAE00BE00B0CED7 /* Login */ = {
			isa = PBXGroup;
			children = (
				83061A091AB4BE8D0008BE27 /* JarLoginViewController.h */,
				83061A0A1AB4BE8D0008BE27 /* JarLoginViewController.m */,
				83061A0C1AB4BF8A0008BE27 /* JarSignUpViewController.h */,
				83061A0D1AB4BF8A0008BE27 /* JarSignUpViewController.m */,
				832910581AB63966005D5208 /* Custom Login */,
			);
			name = Login;
			sourceTree = "<group>";
		};
/* End PBXGroup section */

/* Begin PBXNativeTarget section */
		2328745C1AAA626900F48B90 /* JarApp */ = {
			isa = PBXNativeTarget;
			buildConfigurationList = 232874801AAA626A00F48B90 /* Build configuration list for PBXNativeTarget "JarApp" */;
			buildPhases = (
				232874591AAA626900F48B90 /* Sources */,
				2328745A1AAA626900F48B90 /* Frameworks */,
				2328745B1AAA626900F48B90 /* Resources */,
			);
			buildRules = (
			);
			dependencies = (
			);
			name = JarApp;
			productName = JarApp;
			productReference = 2328745D1AAA626900F48B90 /* JarApp.app */;
			productType = "com.apple.product-type.application";
		};
		232874751AAA626A00F48B90 /* JarAppTests */ = {
			isa = PBXNativeTarget;
			buildConfigurationList = 232874831AAA626A00F48B90 /* Build configuration list for PBXNativeTarget "JarAppTests" */;
			buildPhases = (
				232874721AAA626A00F48B90 /* Sources */,
				232874731AAA626A00F48B90 /* Frameworks */,
				232874741AAA626A00F48B90 /* Resources */,
			);
			buildRules = (
			);
			dependencies = (
				232874781AAA626A00F48B90 /* PBXTargetDependency */,
			);
			name = JarAppTests;
			productName = JarAppTests;
			productReference = 232874761AAA626A00F48B90 /* JarAppTests.xctest */;
			productType = "com.apple.product-type.bundle.unit-test";
		};
/* End PBXNativeTarget section */

/* Begin PBXProject section */
		232874551AAA626900F48B90 /* Project object */ = {
			isa = PBXProject;
			attributes = {
				LastUpgradeCheck = 0610;
				ORGANIZATIONNAME = "Jake Herrmann";
				TargetAttributes = {
					2328745C1AAA626900F48B90 = {
						CreatedOnToolsVersion = 6.1.1;
						DevelopmentTeam = N9YM4MAB27;
					};
					232874751AAA626A00F48B90 = {
						CreatedOnToolsVersion = 6.1.1;
						TestTargetID = 2328745C1AAA626900F48B90;
					};
				};
			};
			buildConfigurationList = 232874581AAA626900F48B90 /* Build configuration list for PBXProject "JarApp" */;
			compatibilityVersion = "Xcode 3.2";
			developmentRegion = English;
			hasScannedForEncodings = 0;
			knownRegions = (
				en,
				Base,
			);
			mainGroup = 232874541AAA626900F48B90;
			productRefGroup = 2328745E1AAA626900F48B90 /* Products */;
			projectDirPath = "";
			projectRoot = "";
			targets = (
				2328745C1AAA626900F48B90 /* JarApp */,
				232874751AAA626A00F48B90 /* JarAppTests */,
			);
		};
/* End PBXProject section */

/* Begin PBXResourcesBuildPhase section */
		2328745B1AAA626900F48B90 /* Resources */ = {
			isa = PBXResourcesBuildPhase;
			buildActionMask = 2147483647;
			files = (
				8329105B1AB63F66005D5208 /* Main.storyboard in Resources */,
				232874711AAA626A00F48B90 /* LaunchScreen.xib in Resources */,
				2328746E1AAA626A00F48B90 /* Images.xcassets in Resources */,
			);
			runOnlyForDeploymentPostprocessing = 0;
		};
		232874741AAA626A00F48B90 /* Resources */ = {
			isa = PBXResourcesBuildPhase;
			buildActionMask = 2147483647;
			files = (
			);
			runOnlyForDeploymentPostprocessing = 0;
		};
/* End PBXResourcesBuildPhase section */

/* Begin PBXSourcesBuildPhase section */
		232874591AAA626900F48B90 /* Sources */ = {
			isa = PBXSourcesBuildPhase;
			buildActionMask = 2147483647;
			files = (
				232874971AAA793D00F48B90 /* FineViewController.m in Sources */,
				2328749D1AAA7A6300F48B90 /* JarTableViewCell.m in Sources */,
				232874881AAA6A1B00F48B90 /* ShelfViewController.m in Sources */,
				232874A51AAB874100F48B90 /* AddFineViewController.m in Sources */,
				83061A0B1AB4BE8D0008BE27 /* JarLoginViewController.m in Sources */,
				2328749A1AAA79A500F48B90 /* JarTableViewDataSource.m in Sources */,
				832C6C3E1AAF9B5B002331C0 /* Jar.m in Sources */,
				832C6C441AAFD9A3002331C0 /* ASValueTrackingSlider.m in Sources */,
				232874911AAA765300F48B90 /* ShelfCollectionViewCell.m in Sources */,
				832910571AB6395E005D5208 /* CustomSignUpViewController.m in Sources */,
				832910541AB6359F005D5208 /* CustomLoginViewController.m in Sources */,
				83061A0E1AB4BF8A0008BE27 /* JarSignUpViewController.m in Sources */,
				83CDF5771AB2381C000A90E3 /* FineController.m in Sources */,
				2328748E1AAA6DD300F48B90 /* ShelfCollectionViewDataSource.m in Sources */,
				232874941AAA790C00F48B90 /* JarViewController.m in Sources */,
				838780351AAF40BE00B0CED7 /* Fine.m in Sources */,
				232874661AAA626A00F48B90 /* AppDelegate.m in Sources */,
				232874631AAA626A00F48B90 /* main.m in Sources */,
				832C6C431AAFD9A3002331C0 /* ASValuePopUpView.m in Sources */,
				2328748B1AAA6C8700F48B90 /* NewJarViewController.m in Sources */,
				83CDF5741AB2316A000A90E3 /* JarController.m in Sources */,
			);
			runOnlyForDeploymentPostprocessing = 0;
		};
		232874721AAA626A00F48B90 /* Sources */ = {
			isa = PBXSourcesBuildPhase;
			buildActionMask = 2147483647;
			files = (
				2328747D1AAA626A00F48B90 /* JarAppTests.m in Sources */,
			);
			runOnlyForDeploymentPostprocessing = 0;
		};
/* End PBXSourcesBuildPhase section */

/* Begin PBXTargetDependency section */
		232874781AAA626A00F48B90 /* PBXTargetDependency */ = {
			isa = PBXTargetDependency;
			target = 2328745C1AAA626900F48B90 /* JarApp */;
			targetProxy = 232874771AAA626A00F48B90 /* PBXContainerItemProxy */;
		};
/* End PBXTargetDependency section */

/* Begin PBXVariantGroup section */
		2328746F1AAA626A00F48B90 /* LaunchScreen.xib */ = {
			isa = PBXVariantGroup;
			children = (
				232874701AAA626A00F48B90 /* Base */,
			);
			name = LaunchScreen.xib;
			sourceTree = "<group>";
		};
		832910591AB63F66005D5208 /* Main.storyboard */ = {
			isa = PBXVariantGroup;
			children = (
				8329105A1AB63F66005D5208 /* Base */,
			);
			name = Main.storyboard;
			sourceTree = "<group>";
		};
/* End PBXVariantGroup section */

/* Begin XCBuildConfiguration section */
		2328747E1AAA626A00F48B90 /* Debug */ = {
			isa = XCBuildConfiguration;
			buildSettings = {
				ALWAYS_SEARCH_USER_PATHS = NO;
				CLANG_CXX_LANGUAGE_STANDARD = "gnu++0x";
				CLANG_CXX_LIBRARY = "libc++";
				CLANG_ENABLE_MODULES = YES;
				CLANG_ENABLE_OBJC_ARC = YES;
				CLANG_WARN_BOOL_CONVERSION = YES;
				CLANG_WARN_CONSTANT_CONVERSION = YES;
				CLANG_WARN_DIRECT_OBJC_ISA_USAGE = YES_ERROR;
				CLANG_WARN_EMPTY_BODY = YES;
				CLANG_WARN_ENUM_CONVERSION = YES;
				CLANG_WARN_INT_CONVERSION = YES;
				CLANG_WARN_OBJC_ROOT_CLASS = YES_ERROR;
				CLANG_WARN_UNREACHABLE_CODE = YES;
				CLANG_WARN__DUPLICATE_METHOD_MATCH = YES;
				"CODE_SIGN_IDENTITY[sdk=iphoneos*]" = "iPhone Developer";
				COPY_PHASE_STRIP = NO;
				ENABLE_STRICT_OBJC_MSGSEND = YES;
				GCC_C_LANGUAGE_STANDARD = gnu99;
				GCC_DYNAMIC_NO_PIC = NO;
				GCC_OPTIMIZATION_LEVEL = 0;
				GCC_PREPROCESSOR_DEFINITIONS = (
					"DEBUG=1",
					"$(inherited)",
				);
				GCC_SYMBOLS_PRIVATE_EXTERN = NO;
				GCC_WARN_64_TO_32_BIT_CONVERSION = YES;
				GCC_WARN_ABOUT_RETURN_TYPE = YES_ERROR;
				GCC_WARN_UNDECLARED_SELECTOR = YES;
				GCC_WARN_UNINITIALIZED_AUTOS = YES_AGGRESSIVE;
				GCC_WARN_UNUSED_FUNCTION = YES;
				GCC_WARN_UNUSED_VARIABLE = YES;
				IPHONEOS_DEPLOYMENT_TARGET = 8.1;
				MTL_ENABLE_DEBUG_INFO = YES;
				ONLY_ACTIVE_ARCH = YES;
				SDKROOT = iphoneos;
			};
			name = Debug;
		};
		2328747F1AAA626A00F48B90 /* Release */ = {
			isa = XCBuildConfiguration;
			buildSettings = {
				ALWAYS_SEARCH_USER_PATHS = NO;
				CLANG_CXX_LANGUAGE_STANDARD = "gnu++0x";
				CLANG_CXX_LIBRARY = "libc++";
				CLANG_ENABLE_MODULES = YES;
				CLANG_ENABLE_OBJC_ARC = YES;
				CLANG_WARN_BOOL_CONVERSION = YES;
				CLANG_WARN_CONSTANT_CONVERSION = YES;
				CLANG_WARN_DIRECT_OBJC_ISA_USAGE = YES_ERROR;
				CLANG_WARN_EMPTY_BODY = YES;
				CLANG_WARN_ENUM_CONVERSION = YES;
				CLANG_WARN_INT_CONVERSION = YES;
				CLANG_WARN_OBJC_ROOT_CLASS = YES_ERROR;
				CLANG_WARN_UNREACHABLE_CODE = YES;
				CLANG_WARN__DUPLICATE_METHOD_MATCH = YES;
				"CODE_SIGN_IDENTITY[sdk=iphoneos*]" = "iPhone Developer";
				COPY_PHASE_STRIP = YES;
				ENABLE_NS_ASSERTIONS = NO;
				ENABLE_STRICT_OBJC_MSGSEND = YES;
				GCC_C_LANGUAGE_STANDARD = gnu99;
				GCC_WARN_64_TO_32_BIT_CONVERSION = YES;
				GCC_WARN_ABOUT_RETURN_TYPE = YES_ERROR;
				GCC_WARN_UNDECLARED_SELECTOR = YES;
				GCC_WARN_UNINITIALIZED_AUTOS = YES_AGGRESSIVE;
				GCC_WARN_UNUSED_FUNCTION = YES;
				GCC_WARN_UNUSED_VARIABLE = YES;
				IPHONEOS_DEPLOYMENT_TARGET = 8.1;
				MTL_ENABLE_DEBUG_INFO = NO;
				SDKROOT = iphoneos;
				VALIDATE_PRODUCT = YES;
			};
			name = Release;
		};
		232874811AAA626A00F48B90 /* Debug */ = {
			isa = XCBuildConfiguration;
			buildSettings = {
				ASSETCATALOG_COMPILER_APPICON_NAME = AppIcon;
				CODE_SIGN_IDENTITY = "iPhone Developer";
				FRAMEWORK_SEARCH_PATHS = (
					"$(inherited)",
					"$(PROJECT_DIR)",
				);
				INFOPLIST_FILE = JarApp/Info.plist;
				IPHONEOS_DEPLOYMENT_TARGET = 8.1;
				LD_RUNPATH_SEARCH_PATHS = "$(inherited) @executable_path/Frameworks";
				PRODUCT_NAME = "$(TARGET_NAME)";
			};
			name = Debug;
		};
		232874821AAA626A00F48B90 /* Release */ = {
			isa = XCBuildConfiguration;
			buildSettings = {
				ASSETCATALOG_COMPILER_APPICON_NAME = AppIcon;
				CODE_SIGN_IDENTITY = "iPhone Developer";
				FRAMEWORK_SEARCH_PATHS = (
					"$(inherited)",
					"$(PROJECT_DIR)",
				);
				INFOPLIST_FILE = JarApp/Info.plist;
				IPHONEOS_DEPLOYMENT_TARGET = 8.1;
				LD_RUNPATH_SEARCH_PATHS = "$(inherited) @executable_path/Frameworks";
				PRODUCT_NAME = "$(TARGET_NAME)";
			};
			name = Release;
		};
		232874841AAA626A00F48B90 /* Debug */ = {
			isa = XCBuildConfiguration;
			buildSettings = {
				BUNDLE_LOADER = "$(TEST_HOST)";
				FRAMEWORK_SEARCH_PATHS = (
					"$(SDKROOT)/Developer/Library/Frameworks",
					"$(inherited)",
				);
				GCC_PREPROCESSOR_DEFINITIONS = (
					"DEBUG=1",
					"$(inherited)",
				);
				INFOPLIST_FILE = JarAppTests/Info.plist;
				LD_RUNPATH_SEARCH_PATHS = "$(inherited) @executable_path/Frameworks @loader_path/Frameworks";
				PRODUCT_NAME = "$(TARGET_NAME)";
				TEST_HOST = "$(BUILT_PRODUCTS_DIR)/JarApp.app/JarApp";
			};
			name = Debug;
		};
		232874851AAA626A00F48B90 /* Release */ = {
			isa = XCBuildConfiguration;
			buildSettings = {
				BUNDLE_LOADER = "$(TEST_HOST)";
				FRAMEWORK_SEARCH_PATHS = (
					"$(SDKROOT)/Developer/Library/Frameworks",
					"$(inherited)",
				);
				INFOPLIST_FILE = JarAppTests/Info.plist;
				LD_RUNPATH_SEARCH_PATHS = "$(inherited) @executable_path/Frameworks @loader_path/Frameworks";
				PRODUCT_NAME = "$(TARGET_NAME)";
				TEST_HOST = "$(BUILT_PRODUCTS_DIR)/JarApp.app/JarApp";
			};
			name = Release;
		};
/* End XCBuildConfiguration section */

/* Begin XCConfigurationList section */
		232874581AAA626900F48B90 /* Build configuration list for PBXProject "JarApp" */ = {
			isa = XCConfigurationList;
			buildConfigurations = (
				2328747E1AAA626A00F48B90 /* Debug */,
				2328747F1AAA626A00F48B90 /* Release */,
			);
			defaultConfigurationIsVisible = 0;
			defaultConfigurationName = Release;
		};
		232874801AAA626A00F48B90 /* Build configuration list for PBXNativeTarget "JarApp" */ = {
			isa = XCConfigurationList;
			buildConfigurations = (
				232874811AAA626A00F48B90 /* Debug */,
				232874821AAA626A00F48B90 /* Release */,
			);
			defaultConfigurationIsVisible = 0;
			defaultConfigurationName = Release;
		};
		232874831AAA626A00F48B90 /* Build configuration list for PBXNativeTarget "JarAppTests" */ = {
			isa = XCConfigurationList;
			buildConfigurations = (
				232874841AAA626A00F48B90 /* Debug */,
				232874851AAA626A00F48B90 /* Release */,
			);
			defaultConfigurationIsVisible = 0;
			defaultConfigurationName = Release;
		};
/* End XCConfigurationList section */
	};
	rootObject = 232874551AAA626900F48B90 /* Project object */;
}
